
Microsoft Visual Studio Solution File, Format Version 12.00
# Visual Studio Version 16
VisualStudioVersion = 16.0.30204.135
MinimumVisualStudioVersion = 10.0.40219.1
Project("{FAE04EC0-301F-11D3-BF4B-00C04F79EFBC}") = "App1.Android", "App1\App1.Android\App1.Android.csproj", "{4934C410-18AF-4CD8-9832-3494DE4A884C}"
EndProject
Project("{FAE04EC0-301F-11D3-BF4B-00C04F79EFBC}") = "App1.iOS", "App1\App1.iOS\App1.iOS.csproj", "{1469880A-C6AF-491B-A380-2D278E93CB6D}"
EndProject
Project("{9A19103F-16F7-4668-BE54-9A1E7A4F7556}") = "App1", "App1\App1\App1.csproj", "{51C091D8-C9E3-4548-A20B-9B1FCC2D9B0E}"
EndProject
Global
	GlobalSection(SolutionConfigurationPlatforms) = preSolution
		Debug|Any CPU = Debug|Any CPU
		Debug|ARM = Debug|ARM
		Debug|iPhone = Debug|iPhone
		Debug|iPhoneSimulator = Debug|iPhoneSimulator
		Debug|x64 = Debug|x64
		Debug|x86 = Debug|x86
		Release|Any CPU = Release|Any CPU
		Release|ARM = Release|ARM
		Release|iPhone = Release|iPhone
		Release|iPhoneSimulator = Release|iPhoneSimulator
		Release|x64 = Release|x64
		Release|x86 = Release|x86
	EndGlobalSection
	GlobalSection(ProjectConfigurationPlatforms) = postSolution
		{4934C410-18AF-4CD8-9832-3494DE4A884C}.Debug|Any CPU.ActiveCfg = Debug|Any CPU
		{4934C410-18AF-4CD8-9832-3494DE4A884C}.Debug|Any CPU.Build.0 = Debug|Any CPU
		{4934C410-18AF-4CD8-9832-3494DE4A884C}.Debug|Any CPU.Deploy.0 = Debug|Any CPU
		{4934C410-18AF-4CD8-9832-3494DE4A884C}.Debug|ARM.ActiveCfg = Debug|Any CPU
		{4934C410-18AF-4CD8-9832-3494DE4A884C}.Debug|ARM.Build.0 = Debug|Any CPU
		{4934C410-18AF-4CD8-9832-3494DE4A884C}.Debug|ARM.Deploy.0 = Debug|Any CPU
		{4934C410-18AF-4CD8-9832-3494DE4A884C}.Debug|iPhone.ActiveCfg = Debug|Any CPU
		{4934C410-18AF-4CD8-9832-3494DE4A884C}.Debug|iPhone.Build.0 = Debug|Any CPU
		{4934C410-18AF-4CD8-9832-3494DE4A884C}.Debug|iPhone.Deploy.0 = Debug|Any CPU
		{4934C410-18AF-4CD8-9832-3494DE4A884C}.Debug|iPhoneSimulator.ActiveCfg = Debug|Any CPU
		{4934C410-18AF-4CD8-9832-3494DE4A884C}.Debug|iPhoneSimulator.Build.0 = Debug|Any CPU
		{4934C410-18AF-4CD8-9832-3494DE4A884C}.Debug|iPhoneSimulator.Deploy.0 = Debug|Any CPU
		{4934C410-18AF-4CD8-9832-3494DE4A884C}.Debug|x64.ActiveCfg = Debug|Any CPU
		{4934C410-18AF-4CD8-9832-3494DE4A884C}.Debug|x64.Build.0 = Debug|Any CPU
		{4934C410-18AF-4CD8-9832-3494DE4A884C}.Debug|x64.Deploy.0 = Debug|Any CPU
		{4934C410-18AF-4CD8-9832-3494DE4A884C}.Debug|x86.ActiveCfg = Debug|Any CPU
		{4934C410-18AF-4CD8-9832-3494DE4A884C}.Debug|x86.Build.0 = Debug|Any CPU
		{4934C410-18AF-4CD8-9832-3494DE4A884C}.Debug|x86.Deploy.0 = Debug|Any CPU
		{4934C410-18AF-4CD8-9832-3494DE4A884C}.Release|Any CPU.ActiveCfg = Release|Any CPU
		{4934C410-18AF-4CD8-9832-3494DE4A884C}.Release|Any CPU.Build.0 = Release|Any CPU
		{4934C410-18AF-4CD8-9832-3494DE4A884C}.Release|Any CPU.Deploy.0 = Release|Any CPU
		{4934C410-18AF-4CD8-9832-3494DE4A884C}.Release|ARM.ActiveCfg = Release|Any CPU
		{4934C410-18AF-4CD8-9832-3494DE4A884C}.Release|ARM.Build.0 = Release|Any CPU
		{4934C410-18AF-4CD8-9832-3494DE4A884C}.Release|ARM.Deploy.0 = Release|Any CPU
		{4934C410-18AF-4CD8-9832-3494DE4A884C}.Release|iPhone.ActiveCfg = Release|Any CPU
		{4934C410-18AF-4CD8-9832-3494DE4A884C}.Release|iPhone.Build.0 = Release|Any CPU
		{4934C410-18AF-4CD8-9832-3494DE4A884C}.Release|iPhone.Deploy.0 = Release|Any CPU
		{4934C410-18AF-4CD8-9832-3494DE4A884C}.Release|iPhoneSimulator.ActiveCfg = Release|Any CPU
		{4934C410-18AF-4CD8-9832-3494DE4A884C}.Release|iPhoneSimulator.Build.0 = Release|Any CPU
		{4934C410-18AF-4CD8-9832-3494DE4A884C}.Release|iPhoneSimulator.Deploy.0 = Release|Any CPU
		{4934C410-18AF-4CD8-9832-3494DE4A884C}.Release|x64.ActiveCfg = Release|Any CPU
		{4934C410-18AF-4CD8-9832-3494DE4A884C}.Release|x64.Build.0 = Release|Any CPU
		{4934C410-18AF-4CD8-9832-3494DE4A884C}.Release|x64.Deploy.0 = Release|Any CPU
		{4934C410-18AF-4CD8-9832-3494DE4A884C}.Release|x86.ActiveCfg = Release|Any CPU
		{4934C410-18AF-4CD8-9832-3494DE4A884C}.Release|x86.Build.0 = Release|Any CPU
		{4934C410-18AF-4CD8-9832-3494DE4A884C}.Release|x86.Deploy.0 = Release|Any CPU
		{1469880A-C6AF-491B-A380-2D278E93CB6D}.Debug|Any CPU.ActiveCfg = Debug|iPhone
		{1469880A-C6AF-491B-A380-2D278E93CB6D}.Debug|Any CPU.Build.0 = Debug|iPhone
		{1469880A-C6AF-491B-A380-2D278E93CB6D}.Debug|Any CPU.Deploy.0 = Debug|iPhone
		{1469880A-C6AF-491B-A380-2D278E93CB6D}.Debug|ARM.ActiveCfg = Debug|iPhone
		{1469880A-C6AF-491B-A380-2D278E93CB6D}.Debug|ARM.Build.0 = Debug|iPhone
		{1469880A-C6AF-491B-A380-2D278E93CB6D}.Debug|ARM.Deploy.0 = Debug|iPhone
		{1469880A-C6AF-491B-A380-2D278E93CB6D}.Debug|iPhone.ActiveCfg = Debug|iPhone
		{1469880A-C6AF-491B-A380-2D278E93CB6D}.Debug|iPhone.Build.0 = Debug|iPhone
		{1469880A-C6AF-491B-A380-2D278E93CB6D}.Debug|iPhone.Deploy.0 = Debug|iPhone
		{1469880A-C6AF-491B-A380-2D278E93CB6D}.Debug|iPhoneSimulator.ActiveCfg = Debug|iPhoneSimulator
		{1469880A-C6AF-491B-A380-2D278E93CB6D}.Debug|iPhoneSimulator.Build.0 = Debug|iPhoneSimulator
		{1469880A-C6AF-491B-A380-2D278E93CB6D}.Debug|iPhoneSimulator.Deploy.0 = Debug|iPhoneSimulator
		{1469880A-C6AF-491B-A380-2D278E93CB6D}.Debug|x64.ActiveCfg = Debug|iPhone
		{1469880A-C6AF-491B-A380-2D278E93CB6D}.Debug|x64.Build.0 = Debug|iPhone
		{1469880A-C6AF-491B-A380-2D278E93CB6D}.Debug|x64.Deploy.0 = Debug|iPhone
		{1469880A-C6AF-491B-A380-2D278E93CB6D}.Debug|x86.ActiveCfg = Debug|iPhone
		{1469880A-C6AF-491B-A380-2D278E93CB6D}.Debug|x86.Build.0 = Debug|iPhone
		{1469880A-C6AF-491B-A380-2D278E93CB6D}.Debug|x86.Deploy.0 = Debug|iPhone
		{1469880A-C6AF-491B-A380-2D278E93CB6D}.Release|Any CPU.ActiveCfg = Release|iPhone
		{1469880A-C6AF-491B-A380-2D278E93CB6D}.Release|Any CPU.Build.0 = Release|iPhone
		{1469880A-C6AF-491B-A380-2D278E93CB6D}.Release|Any CPU.Deploy.0 = Release|iPhone
		{1469880A-C6AF-491B-A380-2D278E93CB6D}.Release|ARM.ActiveCfg = Release|iPhone
		{1469880A-C6AF-491B-A380-2D278E93CB6D}.Release|ARM.Build.0 = Release|iPhone
		{1469880A-C6AF-491B-A380-2D278E93CB6D}.Release|ARM.Deploy.0 = Release|iPhone
		{1469880A-C6AF-491B-A380-2D278E93CB6D}.Release|iPhone.ActiveCfg = Release|iPhone
		{1469880A-C6AF-491B-A380-2D278E93CB6D}.Release|iPhone.Build.0 = Release|iPhone
		{1469880A-C6AF-491B-A380-2D278E93CB6D}.Release|iPhone.Deploy.0 = Release|iPhone
		{1469880A-C6AF-491B-A380-2D278E93CB6D}.Release|iPhoneSimulator.ActiveCfg = Release|iPhoneSimulator
		{1469880A-C6AF-491B-A380-2D278E93CB6D}.Release|iPhoneSimulator.Build.0 = Release|iPhoneSimulator
		{1469880A-C6AF-491B-A380-2D278E93CB6D}.Release|iPhoneSimulator.Deploy.0 = Release|iPhoneSimulator
		{1469880A-C6AF-491B-A380-2D278E93CB6D}.Release|x64.ActiveCfg = Release|iPhone
		{1469880A-C6AF-491B-A380-2D278E93CB6D}.Release|x64.Build.0 = Release|iPhone
		{1469880A-C6AF-491B-A380-2D278E93CB6D}.Release|x64.Deploy.0 = Release|iPhone
		{1469880A-C6AF-491B-A380-2D278E93CB6D}.Release|x86.ActiveCfg = Release|iPhone
		{1469880A-C6AF-491B-A380-2D278E93CB6D}.Release|x86.Build.0 = Release|iPhone
		{1469880A-C6AF-491B-A380-2D278E93CB6D}.Release|x86.Deploy.0 = Release|iPhone
		{51C091D8-C9E3-4548-A20B-9B1FCC2D9B0E}.Debug|Any CPU.ActiveCfg = Debug|Any CPU
		{51C091D8-C9E3-4548-A20B-9B1FCC2D9B0E}.Debug|Any CPU.Build.0 = Debug|Any CPU
		{51C091D8-C9E3-4548-A20B-9B1FCC2D9B0E}.Debug|Any CPU.Deploy.0 = Debug|Any CPU
		{51C091D8-C9E3-4548-A20B-9B1FCC2D9B0E}.Debug|ARM.ActiveCfg = Debug|Any CPU
		{51C091D8-C9E3-4548-A20B-9B1FCC2D9B0E}.Debug|ARM.Build.0 = Debug|Any CPU
		{51C091D8-C9E3-4548-A20B-9B1FCC2D9B0E}.Debug|ARM.Deploy.0 = Debug|Any CPU
		{51C091D8-C9E3-4548-A20B-9B1FCC2D9B0E}.Debug|iPhone.ActiveCfg = Debug|Any CPU
		{51C091D8-C9E3-4548-A20B-9B1FCC2D9B0E}.Debug|iPhone.Build.0 = Debug|Any CPU
		{51C091D8-C9E3-4548-A20B-9B1FCC2D9B0E}.Debug|iPhone.Deploy.0 = Debug|Any CPU
		{51C091D8-C9E3-4548-A20B-9B1FCC2D9B0E}.Debug|iPhoneSimulator.ActiveCfg = Debug|Any CPU
		{51C091D8-C9E3-4548-A20B-9B1FCC2D9B0E}.Debug|iPhoneSimulator.Build.0 = Debug|Any CPU
		{51C091D8-C9E3-4548-A20B-9B1FCC2D9B0E}.Debug|iPhoneSimulator.Deploy.0 = Debug|Any CPU
		{51C091D8-C9E3-4548-A20B-9B1FCC2D9B0E}.Debug|x64.ActiveCfg = Debug|Any CPU
		{51C091D8-C9E3-4548-A20B-9B1FCC2D9B0E}.Debug|x64.Build.0 = Debug|Any CPU
		{51C091D8-C9E3-4548-A20B-9B1FCC2D9B0E}.Debug|x64.Deploy.0 = Debug|Any CPU
		{51C091D8-C9E3-4548-A20B-9B1FCC2D9B0E}.Debug|x86.ActiveCfg = Debug|Any CPU
		{51C091D8-C9E3-4548-A20B-9B1FCC2D9B0E}.Debug|x86.Build.0 = Debug|Any CPU
		{51C091D8-C9E3-4548-A20B-9B1FCC2D9B0E}.Debug|x86.Deploy.0 = Debug|Any CPU
		{51C091D8-C9E3-4548-A20B-9B1FCC2D9B0E}.Release|Any CPU.ActiveCfg = Release|Any CPU
		{51C091D8-C9E3-4548-A20B-9B1FCC2D9B0E}.Release|Any CPU.Build.0 = Release|Any CPU
		{51C091D8-C9E3-4548-A20B-9B1FCC2D9B0E}.Release|Any CPU.Deploy.0 = Release|Any CPU
		{51C091D8-C9E3-4548-A20B-9B1FCC2D9B0E}.Release|ARM.ActiveCfg = Release|Any CPU
		{51C091D8-C9E3-4548-A20B-9B1FCC2D9B0E}.Release|ARM.Build.0 = Release|Any CPU
		{51C091D8-C9E3-4548-A20B-9B1FCC2D9B0E}.Release|ARM.Deploy.0 = Release|Any CPU
		{51C091D8-C9E3-4548-A20B-9B1FCC2D9B0E}.Release|iPhone.ActiveCfg = Release|Any CPU
		{51C091D8-C9E3-4548-A20B-9B1FCC2D9B0E}.Release|iPhone.Build.0 = Release|Any CPU
		{51C091D8-C9E3-4548-A20B-9B1FCC2D9B0E}.Release|iPhone.Deploy.0 = Release|Any CPU
		{51C091D8-C9E3-4548-A20B-9B1FCC2D9B0E}.Release|iPhoneSimulator.ActiveCfg = Release|Any CPU
		{51C091D8-C9E3-4548-A20B-9B1FCC2D9B0E}.Release|iPhoneSimulator.Build.0 = Release|Any CPU
		{51C091D8-C9E3-4548-A20B-9B1FCC2D9B0E}.Release|iPhoneSimulator.Deploy.0 = Release|Any CPU
		{51C091D8-C9E3-4548-A20B-9B1FCC2D9B0E}.Release|x64.ActiveCfg = Release|Any CPU
		{51C091D8-C9E3-4548-A20B-9B1FCC2D9B0E}.Release|x64.Build.0 = Release|Any CPU
		{51C091D8-C9E3-4548-A20B-9B1FCC2D9B0E}.Release|x64.Deploy.0 = Release|Any CPU
		{51C091D8-C9E3-4548-A20B-9B1FCC2D9B0E}.Release|x86.ActiveCfg = Release|Any CPU
		{51C091D8-C9E3-4548-A20B-9B1FCC2D9B0E}.Release|x86.Build.0 = Release|Any CPU
		{51C091D8-C9E3-4548-A20B-9B1FCC2D9B0E}.Release|x86.Deploy.0 = Release|Any CPU
	EndGlobalSection
	GlobalSection(SolutionProperties) = preSolution
		HideSolutionNode = FALSE
	EndGlobalSection
	GlobalSection(ExtensibilityGlobals) = postSolution
		SolutionGuid = {1550B649-91F4-40F2-BCE5-ADAA46BABD1A}
	EndGlobalSection
EndGlobal
